
Microsoft Visual Studio Solution File, Format Version 12.00
# Visual Studio Version 16
VisualStudioVersion = 16.0.31424.327
MinimumVisualStudioVersion = 10.0.40219.1
Project("{9A19103F-16F7-4668-BE54-9A1E7A4F7556}") = "TriangulatorTest", "TriangulatorTest\TriangulatorTest.csproj", "{A3775E44-748B-49EE-B28A-559685144883}"
	ProjectSection(ProjectDependencies) = postProject
		{F7932B41-9061-4AA4-B796-CF72DB8D26B3} = {F7932B41-9061-4AA4-B796-CF72DB8D26B3}
	EndProjectSection
EndProject
Project("{FAE04EC0-301F-11D3-BF4B-00C04F79EFBC}") = "Triangulator", "Triangulator\Triangulator.csproj", "{F7932B41-9061-4AA4-B796-CF72DB8D26B3}"
EndProject
Global
	GlobalSection(SolutionConfigurationPlatforms) = preSolution
		Debug|Any CPU = Debug|Any CPU
		Release|Any CPU = Release|Any CPU
	EndGlobalSection
	GlobalSection(ProjectConfigurationPlatforms) = postSolution
		{A3775E44-748B-49EE-B28A-559685144883}.Debug|Any CPU.ActiveCfg = Debug|Any CPU
		{A3775E44-748B-49EE-B28A-559685144883}.Debug|Any CPU.Build.0 = Debug|Any CPU
		{A3775E44-748B-49EE-B28A-559685144883}.Release|Any CPU.ActiveCfg = Release|Any CPU
		{A3775E44-748B-49EE-B28A-559685144883}.Release|Any CPU.Build.0 = Release|Any CPU
		{F7932B41-9061-4AA4-B796-CF72DB8D26B3}.Debug|Any CPU.ActiveCfg = Debug|Any CPU
		{F7932B41-9061-4AA4-B796-CF72DB8D26B3}.Debug|Any CPU.Build.0 = Debug|Any CPU
		{F7932B41-9061-4AA4-B796-CF72DB8D26B3}.Release|Any CPU.ActiveCfg = Release|Any CPU
		{F7932B41-9061-4AA4-B796-CF72DB8D26B3}.Release|Any CPU.Build.0 = Release|Any CPU
	EndGlobalSection
	GlobalSection(SolutionProperties) = preSolution
		HideSolutionNode = FALSE
	EndGlobalSection
	GlobalSection(ExtensibilityGlobals) = postSolution
		SolutionGuid = {A6F89584-7C13-4FC7-8EFE-F880E5A185D3}
	EndGlobalSection
EndGlobal
